// !$*UTF8*$!
{
	archiveVersion = 1;
	classes = {
	};
	objectVersion = 56;
	objects = {

/* Begin PBXBuildFile section */
		A824D43128DB0F1C0009965B /* WeatherManager.swift in Sources */ = {isa = PBXBuildFile; fileRef = A824D43028DB0F1C0009965B /* WeatherManager.swift */; };
		A824D43728DB45220009965B /* Extensions.swift in Sources */ = {isa = PBXBuildFile; fileRef = A824D43628DB45220009965B /* Extensions.swift */; };
		A824D43928DB5A330009965B /* Cities.swift in Sources */ = {isa = PBXBuildFile; fileRef = A824D43828DB5A330009965B /* Cities.swift */; };
		A824D43C28DC64B70009965B /* WeatherRow.swift in Sources */ = {isa = PBXBuildFile; fileRef = A824D43B28DC64B70009965B /* WeatherRow.swift */; };
		A85E8AAB28D864060069087C /* WeatherAppRebuildedApp.swift in Sources */ = {isa = PBXBuildFile; fileRef = A85E8AAA28D864060069087C /* WeatherAppRebuildedApp.swift */; };
		A85E8AAD28D864060069087C /* ContentView.swift in Sources */ = {isa = PBXBuildFile; fileRef = A85E8AAC28D864060069087C /* ContentView.swift */; };
		A85E8AAF28D864070069087C /* Assets.xcassets in Resources */ = {isa = PBXBuildFile; fileRef = A85E8AAE28D864070069087C /* Assets.xcassets */; };
		A85E8AB228D864070069087C /* Preview Assets.xcassets in Resources */ = {isa = PBXBuildFile; fileRef = A85E8AB128D864070069087C /* Preview Assets.xcassets */; };
		A85E8AC128D890DC0069087C /* DetailView.swift in Sources */ = {isa = PBXBuildFile; fileRef = A85E8AC028D890DC0069087C /* DetailView.swift */; };
		A85E8AC828D9C6CB0069087C /* Weather.swift in Sources */ = {isa = PBXBuildFile; fileRef = A85E8AC728D9C6CB0069087C /* Weather.swift */; };
		A8638EE228DCD7520022D820 /* ModelData.swift in Sources */ = {isa = PBXBuildFile; fileRef = A8638EE128DCD7520022D820 /* ModelData.swift */; };
		A8638EE428DCD7FB0022D820 /* weatherData.json in Resources */ = {isa = PBXBuildFile; fileRef = A8638EE328DCD7FB0022D820 /* weatherData.json */; };
/* End PBXBuildFile section */

/* Begin PBXFileReference section */
		A824D43028DB0F1C0009965B /* WeatherManager.swift */ = {isa = PBXFileReference; lastKnownFileType = sourcecode.swift; path = WeatherManager.swift; sourceTree = "<group>"; };
		A824D43628DB45220009965B /* Extensions.swift */ = {isa = PBXFileReference; lastKnownFileType = sourcecode.swift; path = Extensions.swift; sourceTree = "<group>"; };
		A824D43828DB5A330009965B /* Cities.swift */ = {isa = PBXFileReference; lastKnownFileType = sourcecode.swift; path = Cities.swift; sourceTree = "<group>"; };
		A824D43B28DC64B70009965B /* WeatherRow.swift */ = {isa = PBXFileReference; lastKnownFileType = sourcecode.swift; path = WeatherRow.swift; sourceTree = "<group>"; };
		A85E8AA728D864060069087C /* WeatherAppRebuilded.app */ = {isa = PBXFileReference; explicitFileType = wrapper.application; includeInIndex = 0; path = WeatherAppRebuilded.app; sourceTree = BUILT_PRODUCTS_DIR; };
		A85E8AAA28D864060069087C /* WeatherAppRebuildedApp.swift */ = {isa = PBXFileReference; lastKnownFileType = sourcecode.swift; path = WeatherAppRebuildedApp.swift; sourceTree = "<group>"; };
		A85E8AAC28D864060069087C /* ContentView.swift */ = {isa = PBXFileReference; lastKnownFileType = sourcecode.swift; path = ContentView.swift; sourceTree = "<group>"; };
		A85E8AAE28D864070069087C /* Assets.xcassets */ = {isa = PBXFileReference; lastKnownFileType = folder.assetcatalog; path = Assets.xcassets; sourceTree = "<group>"; };
		A85E8AB128D864070069087C /* Preview Assets.xcassets */ = {isa = PBXFileReference; lastKnownFileType = folder.assetcatalog; path = "Preview Assets.xcassets"; sourceTree = "<group>"; };
		A85E8AC028D890DC0069087C /* DetailView.swift */ = {isa = PBXFileReference; lastKnownFileType = sourcecode.swift; path = DetailView.swift; sourceTree = "<group>"; };
		A85E8AC728D9C6CB0069087C /* Weather.swift */ = {isa = PBXFileReference; lastKnownFileType = sourcecode.swift; path = Weather.swift; sourceTree = "<group>"; };
		A8638EE128DCD7520022D820 /* ModelData.swift */ = {isa = PBXFileReference; lastKnownFileType = sourcecode.swift; path = ModelData.swift; sourceTree = "<group>"; };
		A8638EE328DCD7FB0022D820 /* weatherData.json */ = {isa = PBXFileReference; lastKnownFileType = text.json; path = weatherData.json; sourceTree = "<group>"; };
/* End PBXFileReference section */

/* Begin PBXFrameworksBuildPhase section */
		A85E8AA428D864060069087C /* Frameworks */ = {
			isa = PBXFrameworksBuildPhase;
			buildActionMask = 2147483647;
			files = (
			);
			runOnlyForDeploymentPostprocessing = 0;
		};
/* End PBXFrameworksBuildPhase section */

/* Begin PBXGroup section */
		A824D43228DB386B0009965B /* Managers */ = {
			isa = PBXGroup;
			children = (
				A824D43028DB0F1C0009965B /* WeatherManager.swift */,
			);
			path = Managers;
			sourceTree = "<group>";
		};
		A824D43528DB45120009965B /* Extensions */ = {
			isa = PBXGroup;
			children = (
				A824D43628DB45220009965B /* Extensions.swift */,
			);
			path = Extensions;
			sourceTree = "<group>";
		};
		A824D43A28DC64910009965B /* Components */ = {
			isa = PBXGroup;
			children = (
				A824D43B28DC64B70009965B /* WeatherRow.swift */,
			);
			path = Components;
			sourceTree = "<group>";
		};
		A85E8A9E28D864060069087C = {
			isa = PBXGroup;
			children = (
				A85E8AA928D864060069087C /* WeatherAppRebuilded */,
				A85E8AA828D864060069087C /* Products */,
			);
			sourceTree = "<group>";
		};
		A85E8AA828D864060069087C /* Products */ = {
			isa = PBXGroup;
			children = (
				A85E8AA728D864060069087C /* WeatherAppRebuilded.app */,
			);
			name = Products;
			sourceTree = "<group>";
		};
		A85E8AA928D864060069087C /* WeatherAppRebuilded */ = {
			isa = PBXGroup;
			children = (
				A85E8AAA28D864060069087C /* WeatherAppRebuildedApp.swift */,
				A85E8ABF28D8909B0069087C /* Views */,
				A824D43228DB386B0009965B /* Managers */,
				A85E8AC228D9BE380069087C /* Models */,
				A824D43A28DC64910009965B /* Components */,
				A824D43528DB45120009965B /* Extensions */,
				A85E8AAE28D864070069087C /* Assets.xcassets */,
				A85E8AB028D864070069087C /* Preview Content */,
			);
			path = WeatherAppRebuilded;
			sourceTree = "<group>";
		};
		A85E8AB028D864070069087C /* Preview Content */ = {
			isa = PBXGroup;
			children = (
				A85E8AB128D864070069087C /* Preview Assets.xcassets */,
				A8638EE328DCD7FB0022D820 /* weatherData.json */,
				A8638EE128DCD7520022D820 /* ModelData.swift */,
			);
			path = "Preview Content";
			sourceTree = "<group>";
		};
		A85E8ABF28D8909B0069087C /* Views */ = {
			isa = PBXGroup;
			children = (
				A85E8AAC28D864060069087C /* ContentView.swift */,
				A85E8AC028D890DC0069087C /* DetailView.swift */,
			);
			path = Views;
			sourceTree = "<group>";
		};
		A85E8AC228D9BE380069087C /* Models */ = {
			isa = PBXGroup;
			children = (
				A85E8AC728D9C6CB0069087C /* Weather.swift */,
				A824D43828DB5A330009965B /* Cities.swift */,
			);
			path = Models;
			sourceTree = "<group>";
		};
/* End PBXGroup section */

/* Begin PBXNativeTarget section */
		A85E8AA628D864060069087C /* WeatherAppRebuilded */ = {
			isa = PBXNativeTarget;
			buildConfigurationList = A85E8AB528D864070069087C /* Build configuration list for PBXNativeTarget "WeatherAppRebuilded" */;
			buildPhases = (
				A85E8AA328D864060069087C /* Sources */,
				A85E8AA428D864060069087C /* Frameworks */,
				A85E8AA528D864060069087C /* Resources */,
			);
			buildRules = (
			);
			dependencies = (
			);
			name = WeatherAppRebuilded;
			productName = WeatherAppRebuilded;
			productReference = A85E8AA728D864060069087C /* WeatherAppRebuilded.app */;
			productType = "com.apple.product-type.application";
		};
/* End PBXNativeTarget section */

/* Begin PBXProject section */
		A85E8A9F28D864060069087C /* Project object */ = {
			isa = PBXProject;
			attributes = {
				BuildIndependentTargetsInParallel = 1;
				LastSwiftUpdateCheck = 1400;
				LastUpgradeCheck = 1400;
				TargetAttributes = {
					A85E8AA628D864060069087C = {
						CreatedOnToolsVersion = 14.0;
					};
				};
			};
			buildConfigurationList = A85E8AA228D864060069087C /* Build configuration list for PBXProject "WeatherAppRebuilded" */;
			compatibilityVersion = "Xcode 14.0";
			developmentRegion = en;
			hasScannedForEncodings = 0;
			knownRegions = (
				en,
				Base,
			);
			mainGroup = A85E8A9E28D864060069087C;
			productRefGroup = A85E8AA828D864060069087C /* Products */;
			projectDirPath = "";
			projectRoot = "";
			targets = (
				A85E8AA628D864060069087C /* WeatherAppRebuilded */,
			);
		};
/* End PBXProject section */

/* Begin PBXResourcesBuildPhase section */
		A85E8AA528D864060069087C /* Resources */ = {
			isa = PBXResourcesBuildPhase;
			buildActionMask = 2147483647;
			files = (
				A85E8AB228D864070069087C /* Preview Assets.xcassets in Resources */,
				A8638EE428DCD7FB0022D820 /* weatherData.json in Resources */,
				A85E8AAF28D864070069087C /* Assets.xcassets in Resources */,
			);
			runOnlyForDeploymentPostprocessing = 0;
		};
/* End PBXResourcesBuildPhase section */

/* Begin PBXSourcesBuildPhase section */
		A85E8AA328D864060069087C /* Sources */ = {
			isa = PBXSourcesBuildPhase;
			buildActionMask = 2147483647;
			files = (
				A824D43928DB5A330009965B /* Cities.swift in Sources */,
				A824D43128DB0F1C0009965B /* WeatherManager.swift in Sources */,
				A85E8AC828D9C6CB0069087C /* Weather.swift in Sources */,
				A824D43C28DC64B70009965B /* WeatherRow.swift in Sources */,
				A85E8AAD28D864060069087C /* ContentView.swift in Sources */,
				A824D43728DB45220009965B /* Extensions.swift in Sources */,
				A8638EE228DCD7520022D820 /* ModelData.swift in Sources */,
				A85E8AC128D890DC0069087C /* DetailView.swift in Sources */,
				A85E8AAB28D864060069087C /* WeatherAppRebuildedApp.swift in Sources */,
			);
			runOnlyForDeploymentPostprocessing = 0;
		};
/* End PBXSourcesBuildPhase section */

/* Begin XCBuildConfiguration section */
		A85E8AB328D864070069087C /* Debug */ = {
			isa = XCBuildConfiguration;
			buildSettings = {
				ALWAYS_SEARCH_USER_PATHS = NO;
				CLANG_ANALYZER_NONNULL = YES;
				CLANG_ANALYZER_NUMBER_OBJECT_CONVERSION = YES_AGGRESSIVE;
				CLANG_CXX_LANGUAGE_STANDARD = "gnu++20";
				CLANG_ENABLE_MODULES = YES;
				CLANG_ENABLE_OBJC_ARC = YES;
				CLANG_ENABLE_OBJC_WEAK = YES;
				CLANG_WARN_BLOCK_CAPTURE_AUTORELEASING = YES;
				CLANG_WARN_BOOL_CONVERSION = YES;
				CLANG_WARN_COMMA = YES;
				CLANG_WARN_CONSTANT_CONVERSION = YES;
				CLANG_WARN_DEPRECATED_OBJC_IMPLEMENTATIONS = YES;
				CLANG_WARN_DIRECT_OBJC_ISA_USAGE = YES_ERROR;
				CLANG_WARN_DOCUMENTATION_COMMENTS = YES;
				CLANG_WARN_EMPTY_BODY = YES;
				CLANG_WARN_ENUM_CONVERSION = YES;
				CLANG_WARN_INFINITE_RECURSION = YES;
				CLANG_WARN_INT_CONVERSION = YES;
				CLANG_WARN_NON_LITERAL_NULL_CONVERSION = YES;
				CLANG_WARN_OBJC_IMPLICIT_RETAIN_SELF = YES;
				CLANG_WARN_OBJC_LITERAL_CONVERSION = YES;
				CLANG_WARN_OBJC_ROOT_CLASS = YES_ERROR;
				CLANG_WARN_QUOTED_INCLUDE_IN_FRAMEWORK_HEADER = YES;
				CLANG_WARN_RANGE_LOOP_ANALYSIS = YES;
				CLANG_WARN_STRICT_PROTOTYPES = YES;
				CLANG_WARN_SUSPICIOUS_MOVE = YES;
				CLANG_WARN_UNGUARDED_AVAILABILITY = YES_AGGRESSIVE;
				CLANG_WARN_UNREACHABLE_CODE = YES;
				CLANG_WARN__DUPLICATE_METHOD_MATCH = YES;
				COPY_PHASE_STRIP = NO;
				DEBUG_INFORMATION_FORMAT = dwarf;
				ENABLE_STRICT_OBJC_MSGSEND = YES;
				ENABLE_TESTABILITY = YES;
				GCC_C_LANGUAGE_STANDARD = gnu11;
				GCC_DYNAMIC_NO_PIC = NO;
				GCC_NO_COMMON_BLOCKS = YES;
				GCC_OPTIMIZATION_LEVEL = 0;
				GCC_PREPROCESSOR_DEFINITIONS = (
					"DEBUG=1",
					"$(inherited)",
				);
				GCC_WARN_64_TO_32_BIT_CONVERSION = YES;
				GCC_WARN_ABOUT_RETURN_TYPE = YES_ERROR;
				GCC_WARN_UNDECLARED_SELECTOR = YES;
				GCC_WARN_UNINITIALIZED_AUTOS = YES_AGGRESSIVE;
				GCC_WARN_UNUSED_FUNCTION = YES;
				GCC_WARN_UNUSED_VARIABLE = YES;
				IPHONEOS_DEPLOYMENT_TARGET = 16.0;
				MTL_ENABLE_DEBUG_INFO = INCLUDE_SOURCE;
				MTL_FAST_MATH = YES;
				ONLY_ACTIVE_ARCH = YES;
				SDKROOT = iphoneos;
				SWIFT_ACTIVE_COMPILATION_CONDITIONS = DEBUG;
				SWIFT_OPTIMIZATION_LEVEL = "-Onone";
			};
			name = Debug;
		};
		A85E8AB428D864070069087C /* Release */ = {
			isa = XCBuildConfiguration;
			buildSettings = {
				ALWAYS_SEARCH_USER_PATHS = NO;
				CLANG_ANALYZER_NONNULL = YES;
				CLANG_ANALYZER_NUMBER_OBJECT_CONVERSION = YES_AGGRESSIVE;
				CLANG_CXX_LANGUAGE_STANDARD = "gnu++20";
				CLANG_ENABLE_MODULES = YES;
				CLANG_ENABLE_OBJC_ARC = YES;
				CLANG_ENABLE_OBJC_WEAK = YES;
				CLANG_WARN_BLOCK_CAPTURE_AUTORELEASING = YES;
				CLANG_WARN_BOOL_CONVERSION = YES;
				CLANG_WARN_COMMA = YES;
				CLANG_WARN_CONSTANT_CONVERSION = YES;
				CLANG_WARN_DEPRECATED_OBJC_IMPLEMENTATIONS = YES;
				CLANG_WARN_DIRECT_OBJC_ISA_USAGE = YES_ERROR;
				CLANG_WARN_DOCUMENTATION_COMMENTS = YES;
				CLANG_WARN_EMPTY_BODY = YES;
				CLANG_WARN_ENUM_CONVERSION = YES;
				CLANG_WARN_INFINITE_RECURSION = YES;
				CLANG_WARN_INT_CONVERSION = YES;
				CLANG_WARN_NON_LITERAL_NULL_CONVERSION = YES;
				CLANG_WARN_OBJC_IMPLICIT_RETAIN_SELF = YES;
				CLANG_WARN_OBJC_LITERAL_CONVERSION = YES;
				CLANG_WARN_OBJC_ROOT_CLASS = YES_ERROR;
				CLANG_WARN_QUOTED_INCLUDE_IN_FRAMEWORK_HEADER = YES;
				CLANG_WARN_RANGE_LOOP_ANALYSIS = YES;
				CLANG_WARN_STRICT_PROTOTYPES = YES;
				CLANG_WARN_SUSPICIOUS_MOVE = YES;
				CLANG_WARN_UNGUARDED_AVAILABILITY = YES_AGGRESSIVE;
				CLANG_WARN_UNREACHABLE_CODE = YES;
				CLANG_WARN__DUPLICATE_METHOD_MATCH = YES;
				COPY_PHASE_STRIP = NO;
				DEBUG_INFORMATION_FORMAT = "dwarf-with-dsym";
				ENABLE_NS_ASSERTIONS = NO;
				ENABLE_STRICT_OBJC_MSGSEND = YES;
				GCC_C_LANGUAGE_STANDARD = gnu11;
				GCC_NO_COMMON_BLOCKS = YES;
				GCC_WARN_64_TO_32_BIT_CONVERSION = YES;
				GCC_WARN_ABOUT_RETURN_TYPE = YES_ERROR;
				GCC_WARN_UNDECLARED_SELECTOR = YES;
				GCC_WARN_UNINITIALIZED_AUTOS = YES_AGGRESSIVE;
				GCC_WARN_UNUSED_FUNCTION = YES;
				GCC_WARN_UNUSED_VARIABLE = YES;
				IPHONEOS_DEPLOYMENT_TARGET = 16.0;
				MTL_ENABLE_DEBUG_INFO = NO;
				MTL_FAST_MATH = YES;
				SDKROOT = iphoneos;
				SWIFT_COMPILATION_MODE = wholemodule;
				SWIFT_OPTIMIZATION_LEVEL = "-O";
				VALIDATE_PRODUCT = YES;
			};
			name = Release;
		};
		A85E8AB628D864070069087C /* Debug */ = {
			isa = XCBuildConfiguration;
			buildSettings = {
				ASSETCATALOG_COMPILER_APPICON_NAME = AppIcon;
				ASSETCATALOG_COMPILER_GLOBAL_ACCENT_COLOR_NAME = AccentColor;
				CODE_SIGN_STYLE = Automatic;
				CURRENT_PROJECT_VERSION = 1;
				DEVELOPMENT_ASSET_PATHS = "\"WeatherAppRebuilded/Preview Content\"";
				DEVELOPMENT_TEAM = 48Q38658W7;
				ENABLE_PREVIEWS = YES;
				GENERATE_INFOPLIST_FILE = YES;
				INFOPLIST_KEY_UIApplicationSceneManifest_Generation = YES;
				INFOPLIST_KEY_UIApplicationSupportsIndirectInputEvents = YES;
				INFOPLIST_KEY_UILaunchScreen_Generation = YES;
				INFOPLIST_KEY_UISupportedInterfaceOrientations_iPad = "UIInterfaceOrientationPortrait UIInterfaceOrientationPortraitUpsideDown UIInterfaceOrientationLandscapeLeft UIInterfaceOrientationLandscapeRight";
				INFOPLIST_KEY_UISupportedInterfaceOrientations_iPhone = "UIInterfaceOrientationPortrait UIInterfaceOrientationLandscapeLeft UIInterfaceOrientationLandscapeRight";
				LD_RUNPATH_SEARCH_PATHS = (
					"$(inherited)",
					"@executable_path/Frameworks",
				);
				MARKETING_VERSION = 1.0;
				PRODUCT_BUNDLE_IDENTIFIER = BigNerdRanch.WeatherAppRebuilded;
				PRODUCT_NAME = "$(TARGET_NAME)";
				SWIFT_EMIT_LOC_STRINGS = YES;
				SWIFT_VERSION = 5.0;
				TARGETED_DEVICE_FAMILY = "1,2";
			};
			name = Debug;
		};
		A85E8AB728D864070069087C /* Release */ = {
			isa = XCBuildConfiguration;
			buildSettings = {
				ASSETCATALOG_COMPILER_APPICON_NAME = AppIcon;
				ASSETCATALOG_COMPILER_GLOBAL_ACCENT_COLOR_NAME = AccentColor;
				CODE_SIGN_STYLE = Automatic;
				CURRENT_PROJECT_VERSION = 1;
				DEVELOPMENT_ASSET_PATHS = "\"WeatherAppRebuilded/Preview Content\"";
				DEVELOPMENT_TEAM = 48Q38658W7;
				ENABLE_PREVIEWS = YES;
				GENERATE_INFOPLIST_FILE = YES;
				INFOPLIST_KEY_UIApplicationSceneManifest_Generation = YES;
				INFOPLIST_KEY_UIApplicationSupportsIndirectInputEvents = YES;
				INFOPLIST_KEY_UILaunchScreen_Generation = YES;
				INFOPLIST_KEY_UISupportedInterfaceOrientations_iPad = "UIInterfaceOrientationPortrait UIInterfaceOrientationPortraitUpsideDown UIInterfaceOrientationLandscapeLeft UIInterfaceOrientationLandscapeRight";
				INFOPLIST_KEY_UISupportedInterfaceOrientations_iPhone = "UIInterfaceOrientationPortrait UIInterfaceOrientationLandscapeLeft UIInterfaceOrientationLandscapeRight";
				LD_RUNPATH_SEARCH_PATHS = (
					"$(inherited)",
					"@executable_path/Frameworks",
				);
				MARKETING_VERSION = 1.0;
				PRODUCT_BUNDLE_IDENTIFIER = BigNerdRanch.WeatherAppRebuilded;
				PRODUCT_NAME = "$(TARGET_NAME)";
				SWIFT_EMIT_LOC_STRINGS = YES;
				SWIFT_VERSION = 5.0;
				TARGETED_DEVICE_FAMILY = "1,2";
			};
			name = Release;
		};
/* End XCBuildConfiguration section */

/* Begin XCConfigurationList section */
		A85E8AA228D864060069087C /* Build configuration list for PBXProject "WeatherAppRebuilded" */ = {
			isa = XCConfigurationList;
			buildConfigurations = (
				A85E8AB328D864070069087C /* Debug */,
				A85E8AB428D864070069087C /* Release */,
			);
			defaultConfigurationIsVisible = 0;
			defaultConfigurationName = Release;
		};
		A85E8AB528D864070069087C /* Build configuration list for PBXNativeTarget "WeatherAppRebuilded" */ = {
			isa = XCConfigurationList;
			buildConfigurations = (
				A85E8AB628D864070069087C /* Debug */,
				A85E8AB728D864070069087C /* Release */,
			);
			defaultConfigurationIsVisible = 0;
			defaultConfigurationName = Release;
		};
/* End XCConfigurationList section */
	};
	rootObject = A85E8A9F28D864060069087C /* Project object */;
}
